{
  "version": 4,
  "terraform_version": "1.5.7",
  "serial": 4,
  "lineage": "90d40616-6883-3315-413e-2b46e3db5d6e",
  "outputs": {
    "security_group_id": {
      "value": "sg-06fc040620ee00e90",
      "type": "string"
    }
  },
  "resources": [
    {
      "mode": "managed",
      "type": "aws_security_group",
      "name": "demo",
      "provider": "provider[\"registry.terraform.io/hashicorp/aws\"]",
      "instances": [
        {
          "schema_version": 1,
          "attributes": {
            "arn": "arn:aws:ec2:us-east-1:334091769766:security-group/sg-06fc040620ee00e90",
            "description": "Drift detection demo - safe to delete",
            "egress": [],
            "id": "sg-06fc040620ee00e90",
            "ingress": [
              {
                "cidr_blocks": [
                  "0.0.0.0/0"
                ],
                "description": "",
                "from_port": 443,
                "ipv6_cidr_blocks": [],
                "prefix_list_ids": [],
                "protocol": "tcp",
                "security_groups": [],
                "self": false,
                "to_port": 443
              }
            ],
            "name": "devops-lab-drift-demo",
            "name_prefix": "",
            "owner_id": "334091769766",
            "revoke_rules_on_delete": false,
            "tags": {
              "Name": "devops-lab-drift-demo"
            },
            "tags_all": {
              "Name": "devops-lab-drift-demo"
            },
            "timeouts": null,
            "vpc_id": "vpc-00f5c8272cb11d343"
          },
          "sensitive_attributes": [],
          "private": "eyJlMmJmYjczMC1lY2FhLTExZTYtOGY4OC0zNDM2M2JjN2M0YzAiOnsiY3JlYXRlIjo2MDAwMDAwMDAwMDAsImRlbGV0ZSI6OTAwMDAwMDAwMDAwfSwic2NoZW1hX3ZlcnNpb24iOiIxIn0=",
          "dependencies": [
            "aws_vpc.lab"
          ]
        }
      ]
    },
    {
      "mode": "managed",
      "type": "aws_vpc",
      "name": "lab",
      "provider": "provider[\"registry.terraform.io/hashicorp/aws\"]",
      "instances": [
        {
          "schema_version": 1,
          "attributes": {
            "arn": "arn:aws:ec2:us-east-1:334091769766:vpc/vpc-00f5c8272cb11d343",
            "assign_generated_ipv6_cidr_block": false,
            "cidr_block": "10.42.0.0/16",
            "default_network_acl_id": "acl-076a23544dc8a32fb",
            "default_route_table_id": "rtb-0811894f221af4c52",
            "default_security_group_id": "sg-0d138929db753cf3e",
            "dhcp_options_id": "dopt-09a2f265193e93089",
            "enable_dns_hostnames": false,
            "enable_dns_support": true,
            "enable_network_address_usage_metrics": false,
            "id": "vpc-00f5c8272cb11d343",
            "instance_tenancy": "default",
            "ipv4_ipam_pool_id": null,
            "ipv4_netmask_length": null,
            "ipv6_association_id": "",
            "ipv6_cidr_block": "",
            "ipv6_cidr_block_network_border_group": "",
            "ipv6_ipam_pool_id": "",
            "ipv6_netmask_length": 0,
            "main_route_table_id": "rtb-0811894f221af4c52",
            "owner_id": "334091769766",
            "tags": {
              "Name": "devops-lab-drift-demo"
            },
            "tags_all": {
              "Name": "devops-lab-drift-demo"
            }
          },
          "sensitive_attributes": [],
          "private": "eyJzY2hlbWFfdmVyc2lvbiI6IjEifQ=="
        }
      ]
    }
  ],
  "check_results": null
}
